
Microsoft Visual Studio Solution File, Format Version 12.00
# Visual Studio Version 17
VisualStudioVersion = 17.3.32929.385
MinimumVisualStudioVersion = 10.0.40219.1
Project("{FAE04EC0-301F-11D3-BF4B-00C04F79EFBC}") = "FaturamentoDiarioDistribuidora", "FaturamentoDiarioDistribuidora\FaturamentoDiarioDistribuidora.csproj", "{BBB380FB-F34E-47B8-8A8B-3DF402A2B444}"
EndProject
Global
	GlobalSection(SolutionConfigurationPlatforms) = preSolution
		Debug|Any CPU = Debug|Any CPU
		Release|Any CPU = Release|Any CPU
	EndGlobalSection
	GlobalSection(ProjectConfigurationPlatforms) = postSolution
		{BBB380FB-F34E-47B8-8A8B-3DF402A2B444}.Debug|Any CPU.ActiveCfg = Debug|Any CPU
		{BBB380FB-F34E-47B8-8A8B-3DF402A2B444}.Debug|Any CPU.Build.0 = Debug|Any CPU
		{BBB380FB-F34E-47B8-8A8B-3DF402A2B444}.Release|Any CPU.ActiveCfg = Release|Any CPU
		{BBB380FB-F34E-47B8-8A8B-3DF402A2B444}.Release|Any CPU.Build.0 = Release|Any CPU
	EndGlobalSection
	GlobalSection(SolutionProperties) = preSolution
		HideSolutionNode = FALSE
	EndGlobalSection
	GlobalSection(ExtensibilityGlobals) = postSolution
		SolutionGuid = {FEFE6E64-9B04-48B9-958E-43F5165CEEB1}
	EndGlobalSection
EndGlobal
