
Microsoft Visual Studio Solution File, Format Version 12.00
# Visual Studio Version 17
VisualStudioVersion = 17.3.32929.385
MinimumVisualStudioVersion = 10.0.40219.1
Project("{FAE04EC0-301F-11D3-BF4B-00C04F79EFBC}") = "FibonacciVerificarNumero", "FibonacciVerificarNumero\FibonacciVerificarNumero.csproj", "{E3DBBA51-B1D8-4FC9-ADA8-551507323614}"
EndProject
Global
	GlobalSection(SolutionConfigurationPlatforms) = preSolution
		Debug|Any CPU = Debug|Any CPU
		Release|Any CPU = Release|Any CPU
	EndGlobalSection
	GlobalSection(ProjectConfigurationPlatforms) = postSolution
		{E3DBBA51-B1D8-4FC9-ADA8-551507323614}.Debug|Any CPU.ActiveCfg = Debug|Any CPU
		{E3DBBA51-B1D8-4FC9-ADA8-551507323614}.Debug|Any CPU.Build.0 = Debug|Any CPU
		{E3DBBA51-B1D8-4FC9-ADA8-551507323614}.Release|Any CPU.ActiveCfg = Release|Any CPU
		{E3DBBA51-B1D8-4FC9-ADA8-551507323614}.Release|Any CPU.Build.0 = Release|Any CPU
	EndGlobalSection
	GlobalSection(SolutionProperties) = preSolution
		HideSolutionNode = FALSE
	EndGlobalSection
	GlobalSection(ExtensibilityGlobals) = postSolution
		SolutionGuid = {33283B18-9997-4E86-899E-8F741319F034}
	EndGlobalSection
EndGlobal
